{
  "version": 4,
  "terraform_version": "1.0.9",
  "serial": 17,
  "lineage": "c6a22642-0d1e-4d22-0c45-24e953903f8d",
  "outputs": {
    "address": {
      "value": "34.117.37.83",
      "type": "string"
    }
  },
  "resources": [
    {
      "mode": "managed",
      "type": "google_compute_backend_service",
      "name": "default",
      "provider": "provider[\"registry.terraform.io/hashicorp/google\"]",
      "instances": [
        {
          "schema_version": 1,
          "attributes": {
            "affinity_cookie_ttl_sec": 0,
            "backend": [
              {
                "balancing_mode": "UTILIZATION",
                "capacity_scaler": 1,
                "description": "",
                "group": "https://www.googleapis.com/compute/v1/projects/roberts-project-23/zones/us-central1-c/instanceGroups/cdn-mig1",
                "max_connections": 0,
                "max_connections_per_endpoint": 0,
                "max_connections_per_instance": 0,
                "max_rate": 0,
                "max_rate_per_endpoint": 0,
                "max_rate_per_instance": 0,
                "max_utilization": 0
              }
            ],
            "cdn_policy": [
              {
                "cache_key_policy": [],
                "cache_mode": "CACHE_ALL_STATIC",
                "client_ttl": 3600,
                "default_ttl": 3600,
                "max_ttl": 86400,
                "negative_caching": true,
                "negative_caching_policy": [],
                "serve_while_stale": 86400,
                "signed_url_cache_max_age_sec": 0
              }
            ],
            "circuit_breakers": [],
            "connection_draining_timeout_sec": 300,
            "consistent_hash": [],
            "creation_timestamp": "2022-03-14T04:14:18.805-07:00",
            "custom_request_headers": [
              "X-Client-Geo-Location: {client_region_subdivision}, {client_city}"
            ],
            "custom_response_headers": [
              "X-Cache-Hit: {cdn_cache_status}"
            ],
            "description": "",
            "enable_cdn": true,
            "fingerprint": "nfAf3-lCAl8=",
            "health_checks": [
              "https://www.googleapis.com/compute/v1/projects/roberts-project-23/global/healthChecks/l7-xlb-hc"
            ],
            "iap": [],
            "id": "projects/roberts-project-23/global/backendServices/cdn-backend-service",
            "load_balancing_scheme": "EXTERNAL",
            "locality_lb_policy": "",
            "log_config": [],
            "name": "cdn-backend-service",
            "outlier_detection": [],
            "port_name": "my-port",
            "project": "roberts-project-23",
            "protocol": "HTTP",
            "security_policy": "",
            "security_settings": [],
            "self_link": "https://www.googleapis.com/compute/v1/projects/roberts-project-23/global/backendServices/cdn-backend-service",
            "session_affinity": "NONE",
            "timeout_sec": 10,
            "timeouts": null
          },
          "sensitive_attributes": [],
          "private": "eyJlMmJmYjczMC1lY2FhLTExZTYtOGY4OC0zNDM2M2JjN2M0YzAiOnsiY3JlYXRlIjoxMjAwMDAwMDAwMDAwLCJkZWxldGUiOjEyMDAwMDAwMDAwMDAsInVwZGF0ZSI6MTIwMDAwMDAwMDAwMH0sInNjaGVtYV92ZXJzaW9uIjoiMSJ9",
          "dependencies": [
            "google_compute_health_check.default",
            "google_compute_instance_group_manager.default",
            "google_compute_instance_template.default",
            "google_compute_network.default",
            "google_compute_subnetwork.default"
          ]
        }
      ]
    },
    {
      "mode": "managed",
      "type": "google_compute_firewall",
      "name": "default",
      "provider": "provider[\"registry.terraform.io/hashicorp/google\"]",
      "instances": [
        {
          "schema_version": 1,
          "attributes": {
            "allow": [
              {
                "ports": [],
                "protocol": "tcp"
              }
            ],
            "creation_timestamp": "2022-03-14T04:13:20.293-07:00",
            "deny": [],
            "description": "",
            "destination_ranges": [],
            "direction": "INGRESS",
            "disabled": false,
            "enable_logging": null,
            "id": "projects/roberts-project-23/global/firewalls/cdn-fw-allow-hc",
            "log_config": [],
            "name": "cdn-fw-allow-hc",
            "network": "https://www.googleapis.com/compute/v1/projects/roberts-project-23/global/networks/cdn-network",
            "priority": 1000,
            "project": "roberts-project-23",
            "self_link": "https://www.googleapis.com/compute/v1/projects/roberts-project-23/global/firewalls/cdn-fw-allow-hc",
            "source_ranges": [
              "130.211.0.0/22",
              "35.191.0.0/16"
            ],
            "source_service_accounts": [],
            "source_tags": [],
            "target_service_accounts": [],
            "target_tags": [
              "allow-health-check"
            ],
            "timeouts": null
          },
          "sensitive_attributes": [],
          "private": "eyJlMmJmYjczMC1lY2FhLTExZTYtOGY4OC0zNDM2M2JjN2M0YzAiOnsiY3JlYXRlIjoxMjAwMDAwMDAwMDAwLCJkZWxldGUiOjEyMDAwMDAwMDAwMDAsInVwZGF0ZSI6MTIwMDAwMDAwMDAwMH0sInNjaGVtYV92ZXJzaW9uIjoiMSJ9",
          "dependencies": [
            "google_compute_network.default"
          ]
        }
      ]
    },
    {
      "mode": "managed",
      "type": "google_compute_global_address",
      "name": "default",
      "provider": "provider[\"registry.terraform.io/hashicorp/google\"]",
      "instances": [
        {
          "schema_version": 0,
          "attributes": {
            "address": "34.117.37.83",
            "address_type": "EXTERNAL",
            "creation_timestamp": "2022-03-14T04:12:58.400-07:00",
            "description": "",
            "id": "projects/roberts-project-23/global/addresses/cdn-static-ip",
            "ip_version": "",
            "name": "cdn-static-ip",
            "network": "",
            "prefix_length": 0,
            "project": "roberts-project-23",
            "purpose": "",
            "self_link": "https://www.googleapis.com/compute/v1/projects/roberts-project-23/global/addresses/cdn-static-ip",
            "timeouts": null
          },
          "sensitive_attributes": [],
          "private": "eyJlMmJmYjczMC1lY2FhLTExZTYtOGY4OC0zNDM2M2JjN2M0YzAiOnsiY3JlYXRlIjoxMjAwMDAwMDAwMDAwLCJkZWxldGUiOjEyMDAwMDAwMDAwMDB9fQ=="
        }
      ]
    },
    {
      "mode": "managed",
      "type": "google_compute_global_forwarding_rule",
      "name": "default",
      "provider": "provider[\"registry.terraform.io/hashicorp/google\"]",
      "instances": [
        {
          "schema_version": 0,
          "attributes": {
            "description": "",
            "id": "projects/roberts-project-23/global/forwardingRules/cdn-forwarding-rule",
            "ip_address": "projects/roberts-project-23/global/addresses/cdn-static-ip",
            "ip_protocol": "TCP",
            "ip_version": "",
            "label_fingerprint": "42WmSpB8rSM=",
            "labels": {},
            "load_balancing_scheme": "EXTERNAL",
            "metadata_filters": [],
            "name": "cdn-forwarding-rule",
            "network": "",
            "port_range": "80",
            "project": "roberts-project-23",
            "self_link": "https://www.googleapis.com/compute/v1/projects/roberts-project-23/global/forwardingRules/cdn-forwarding-rule",
            "target": "projects/roberts-project-23/global/targetHttpProxies/cdn-http-proxy",
            "timeouts": null
          },
          "sensitive_attributes": [],
          "private": "eyJlMmJmYjczMC1lY2FhLTExZTYtOGY4OC0zNDM2M2JjN2M0YzAiOnsiY3JlYXRlIjoxMjAwMDAwMDAwMDAwLCJkZWxldGUiOjEyMDAwMDAwMDAwMDAsInVwZGF0ZSI6MTIwMDAwMDAwMDAwMH19",
          "dependencies": [
            "google_compute_global_address.default",
            "google_compute_health_check.default",
            "google_compute_instance_group_manager.default",
            "google_compute_instance_template.default",
            "google_compute_target_http_proxy.default",
            "google_compute_backend_service.default",
            "google_compute_network.default",
            "google_compute_subnetwork.default",
            "google_compute_url_map.default"
          ]
        }
      ]
    },
    {
      "mode": "managed",
      "type": "google_compute_health_check",
      "name": "default",
      "provider": "provider[\"registry.terraform.io/hashicorp/google\"]",
      "instances": [
        {
          "schema_version": 0,
          "attributes": {
            "check_interval_sec": 5,
            "creation_timestamp": "2022-03-14T04:12:58.300-07:00",
            "description": "",
            "grpc_health_check": [],
            "healthy_threshold": 2,
            "http2_health_check": [],
            "http_health_check": [
              {
                "host": "",
                "port": 0,
                "port_name": "",
                "port_specification": "USE_SERVING_PORT",
                "proxy_header": "NONE",
                "request_path": "/",
                "response": ""
              }
            ],
            "https_health_check": [],
            "id": "projects/roberts-project-23/global/healthChecks/l7-xlb-hc",
            "log_config": [
              {
                "enable": false
              }
            ],
            "name": "l7-xlb-hc",
            "project": "roberts-project-23",
            "self_link": "https://www.googleapis.com/compute/v1/projects/roberts-project-23/global/healthChecks/l7-xlb-hc",
            "ssl_health_check": [],
            "tcp_health_check": [],
            "timeout_sec": 5,
            "timeouts": null,
            "type": "HTTP",
            "unhealthy_threshold": 2
          },
          "sensitive_attributes": [],
          "private": "eyJlMmJmYjczMC1lY2FhLTExZTYtOGY4OC0zNDM2M2JjN2M0YzAiOnsiY3JlYXRlIjoxMjAwMDAwMDAwMDAwLCJkZWxldGUiOjEyMDAwMDAwMDAwMDAsInVwZGF0ZSI6MTIwMDAwMDAwMDAwMH19"
        }
      ]
    },
    {
      "mode": "managed",
      "type": "google_compute_instance_group_manager",
      "name": "default",
      "provider": "provider[\"registry.terraform.io/hashicorp/google\"]",
      "instances": [
        {
          "schema_version": 0,
          "attributes": {
            "auto_healing_policies": [],
            "base_instance_name": "vm",
            "description": "",
            "fingerprint": "Z_Kt3mwRqNM=",
            "id": "projects/roberts-project-23/zones/us-central1-c/instanceGroupManagers/cdn-mig1",
            "instance_group": "https://www.googleapis.com/compute/v1/projects/roberts-project-23/zones/us-central1-c/instanceGroups/cdn-mig1",
            "name": "cdn-mig1",
            "named_port": [
              {
                "name": "http",
                "port": 8080
              }
            ],
            "operation": null,
            "project": "roberts-project-23",
            "self_link": "https://www.googleapis.com/compute/v1/projects/roberts-project-23/zones/us-central1-c/instanceGroupManagers/cdn-mig1",
            "stateful_disk": [],
            "status": [
              {
                "is_stable": true,
                "stateful": [
                  {
                    "has_stateful_config": false,
                    "per_instance_configs": [
                      {
                        "all_effective": true
                      }
                    ]
                  }
                ],
                "version_target": [
                  {
                    "is_reached": true
                  }
                ]
              }
            ],
            "target_pools": [],
            "target_size": 2,
            "timeouts": null,
            "update_policy": [
              {
                "max_surge_fixed": 1,
                "max_surge_percent": 0,
                "max_unavailable_fixed": 1,
                "max_unavailable_percent": 0,
                "minimal_action": "REPLACE",
                "replacement_method": "SUBSTITUTE",
                "type": "OPPORTUNISTIC"
              }
            ],
            "version": [
              {
                "instance_template": "https://www.googleapis.com/compute/v1/projects/roberts-project-23/global/instanceTemplates/cdn-mig-template",
                "name": "primary",
                "target_size": []
              }
            ],
            "wait_for_instances": false,
            "wait_for_instances_status": "STABLE",
            "zone": "us-central1-c"
          },
          "sensitive_attributes": [],
          "private": "eyJlMmJmYjczMC1lY2FhLTExZTYtOGY4OC0zNDM2M2JjN2M0YzAiOnsiY3JlYXRlIjo5MDAwMDAwMDAwMDAsImRlbGV0ZSI6OTAwMDAwMDAwMDAwLCJ1cGRhdGUiOjkwMDAwMDAwMDAwMH19",
          "dependencies": [
            "google_compute_instance_template.default",
            "google_compute_network.default",
            "google_compute_subnetwork.default"
          ]
        }
      ]
    },
    {
      "mode": "managed",
      "type": "google_compute_instance_template",
      "name": "default",
      "provider": "provider[\"registry.terraform.io/hashicorp/google\"]",
      "instances": [
        {
          "schema_version": 1,
          "attributes": {
            "advanced_machine_features": [],
            "can_ip_forward": false,
            "confidential_instance_config": [],
            "description": "",
            "disk": [
              {
                "auto_delete": true,
                "boot": true,
                "device_name": "persistent-disk-0",
                "disk_encryption_key": [],
                "disk_name": "",
                "disk_size_gb": 0,
                "disk_type": "pd-standard",
                "interface": "SCSI",
                "labels": {},
                "mode": "READ_WRITE",
                "resource_policies": [],
                "source": "",
                "source_image": "projects/debian-cloud/global/images/family/debian-10",
                "type": "PERSISTENT"
              }
            ],
            "guest_accelerator": [],
            "id": "projects/roberts-project-23/global/instanceTemplates/cdn-mig-template",
            "instance_description": "",
            "labels": null,
            "machine_type": "e2-small",
            "metadata": {
              "startup-script": "#! /bin/bash\nset -euo pipefail\n\nexport DEBIAN_FRONTEND=noninteractive\napt-get update\napt-get install -y nginx-light jq\n\nNAME=$(curl -H \"Metadata-Flavor: Google\" \"http://metadata.google.internal/computeMetadata/v1/instance/hostname\")\nIP=$(curl -H \"Metadata-Flavor: Google\" \"http://metadata.google.internal/computeMetadata/v1/instance/network-interfaces/0/ip\")\nMETADATA=$(curl -f -H \"Metadata-Flavor: Google\" \"http://metadata.google.internal/computeMetadata/v1/instance/attributes/?recursive=True\" | jq 'del(.[\"startup-script\"])')\n\ncat \u003c\u003cEOF \u003e /var/www/html/index.html\n\u003cpre\u003e\nName: $NAME\nIP: $IP\nMetadata: $METADATA\n\u003c/pre\u003e\nEOF\n"
            },
            "metadata_fingerprint": "SdJw-2vRgl8=",
            "metadata_startup_script": null,
            "min_cpu_platform": "",
            "name": "cdn-mig-template",
            "name_prefix": null,
            "network_interface": [
              {
                "access_config": [
                  {
                    "nat_ip": "",
                    "network_tier": "PREMIUM",
                    "public_ptr_domain_name": ""
                  }
                ],
                "alias_ip_range": [],
                "ipv6_access_config": [],
                "ipv6_access_type": "",
                "name": "nic0",
                "network": "https://www.googleapis.com/compute/v1/projects/roberts-project-23/global/networks/cdn-network",
                "network_ip": "",
                "nic_type": "",
                "queue_count": 0,
                "stack_type": "",
                "subnetwork": "https://www.googleapis.com/compute/v1/projects/roberts-project-23/regions/us-central1/subnetworks/cdn-subnet",
                "subnetwork_project": "roberts-project-23"
              }
            ],
            "project": "roberts-project-23",
            "region": "us-central1",
            "reservation_affinity": [],
            "scheduling": [
              {
                "automatic_restart": true,
                "min_node_cpus": 0,
                "node_affinities": [],
                "on_host_maintenance": "MIGRATE",
                "preemptible": false
              }
            ],
            "self_link": "https://www.googleapis.com/compute/v1/projects/roberts-project-23/global/instanceTemplates/cdn-mig-template",
            "service_account": [],
            "shielded_instance_config": [],
            "tags": [
              "allow-health-check"
            ],
            "tags_fingerprint": "",
            "timeouts": null
          },
          "sensitive_attributes": [],
          "private": "eyJlMmJmYjczMC1lY2FhLTExZTYtOGY4OC0zNDM2M2JjN2M0YzAiOnsiY3JlYXRlIjoyNDAwMDAwMDAwMDAsImRlbGV0ZSI6MjQwMDAwMDAwMDAwfSwic2NoZW1hX3ZlcnNpb24iOiIxIn0=",
          "dependencies": [
            "google_compute_network.default",
            "google_compute_subnetwork.default"
          ],
          "create_before_destroy": true
        }
      ]
    },
    {
      "mode": "managed",
      "type": "google_compute_network",
      "name": "default",
      "provider": "provider[\"registry.terraform.io/hashicorp/google\"]",
      "instances": [
        {
          "schema_version": 0,
          "attributes": {
            "auto_create_subnetworks": false,
            "delete_default_routes_on_create": false,
            "description": "",
            "gateway_ipv4": "",
            "id": "projects/roberts-project-23/global/networks/cdn-network",
            "mtu": 0,
            "name": "cdn-network",
            "project": "roberts-project-23",
            "routing_mode": "REGIONAL",
            "self_link": "https://www.googleapis.com/compute/v1/projects/roberts-project-23/global/networks/cdn-network",
            "timeouts": null
          },
          "sensitive_attributes": [],
          "private": "eyJlMmJmYjczMC1lY2FhLTExZTYtOGY4OC0zNDM2M2JjN2M0YzAiOnsiY3JlYXRlIjoxMjAwMDAwMDAwMDAwLCJkZWxldGUiOjEyMDAwMDAwMDAwMDAsInVwZGF0ZSI6MTIwMDAwMDAwMDAwMH19",
          "create_before_destroy": true
        }
      ]
    },
    {
      "mode": "managed",
      "type": "google_compute_subnetwork",
      "name": "default",
      "provider": "provider[\"registry.terraform.io/hashicorp/google\"]",
      "instances": [
        {
          "schema_version": 0,
          "attributes": {
            "creation_timestamp": "2022-03-14T04:13:20.858-07:00",
            "description": "",
            "external_ipv6_prefix": "",
            "fingerprint": null,
            "gateway_address": "10.0.1.1",
            "id": "projects/roberts-project-23/regions/us-central1/subnetworks/cdn-subnet",
            "ip_cidr_range": "10.0.1.0/24",
            "ipv6_access_type": "",
            "ipv6_cidr_range": "",
            "log_config": [],
            "name": "cdn-subnet",
            "network": "https://www.googleapis.com/compute/v1/projects/roberts-project-23/global/networks/cdn-network",
            "private_ip_google_access": false,
            "private_ipv6_google_access": "DISABLE_GOOGLE_ACCESS",
            "project": "roberts-project-23",
            "purpose": "PRIVATE",
            "region": "us-central1",
            "role": "",
            "secondary_ip_range": [],
            "self_link": "https://www.googleapis.com/compute/v1/projects/roberts-project-23/regions/us-central1/subnetworks/cdn-subnet",
            "stack_type": "IPV4_ONLY",
            "timeouts": null
          },
          "sensitive_attributes": [],
          "private": "eyJlMmJmYjczMC1lY2FhLTExZTYtOGY4OC0zNDM2M2JjN2M0YzAiOnsiY3JlYXRlIjoxMjAwMDAwMDAwMDAwLCJkZWxldGUiOjEyMDAwMDAwMDAwMDAsInVwZGF0ZSI6MTIwMDAwMDAwMDAwMH19",
          "dependencies": [
            "google_compute_network.default"
          ],
          "create_before_destroy": true
        }
      ]
    },
    {
      "mode": "managed",
      "type": "google_compute_target_http_proxy",
      "name": "default",
      "provider": "provider[\"registry.terraform.io/hashicorp/google\"]",
      "instances": [
        {
          "schema_version": 0,
          "attributes": {
            "creation_timestamp": "2022-03-14T04:14:52.609-07:00",
            "description": "",
            "id": "projects/roberts-project-23/global/targetHttpProxies/cdn-http-proxy",
            "name": "cdn-http-proxy",
            "project": "roberts-project-23",
            "proxy_bind": false,
            "proxy_id": 6075057129675464003,
            "self_link": "https://www.googleapis.com/compute/v1/projects/roberts-project-23/global/targetHttpProxies/cdn-http-proxy",
            "timeouts": null,
            "url_map": "https://www.googleapis.com/compute/v1/projects/roberts-project-23/global/urlMaps/cdn-url-map"
          },
          "sensitive_attributes": [],
          "private": "eyJlMmJmYjczMC1lY2FhLTExZTYtOGY4OC0zNDM2M2JjN2M0YzAiOnsiY3JlYXRlIjoxMjAwMDAwMDAwMDAwLCJkZWxldGUiOjEyMDAwMDAwMDAwMDAsInVwZGF0ZSI6MTIwMDAwMDAwMDAwMH19",
          "dependencies": [
            "google_compute_instance_template.default",
            "google_compute_network.default",
            "google_compute_subnetwork.default",
            "google_compute_url_map.default",
            "google_compute_backend_service.default",
            "google_compute_health_check.default",
            "google_compute_instance_group_manager.default"
          ]
        }
      ]
    },
    {
      "mode": "managed",
      "type": "google_compute_url_map",
      "name": "default",
      "provider": "provider[\"registry.terraform.io/hashicorp/google\"]",
      "instances": [
        {
          "schema_version": 0,
          "attributes": {
            "creation_timestamp": "2022-03-14T04:14:40.790-07:00",
            "default_route_action": [],
            "default_service": "https://www.googleapis.com/compute/v1/projects/roberts-project-23/global/backendServices/cdn-backend-service",
            "default_url_redirect": [],
            "description": "",
            "fingerprint": "x6PMXjs7l8w=",
            "header_action": [],
            "host_rule": [],
            "id": "projects/roberts-project-23/global/urlMaps/cdn-url-map",
            "map_id": 3554249525533252943,
            "name": "cdn-url-map",
            "path_matcher": [],
            "project": "roberts-project-23",
            "self_link": "https://www.googleapis.com/compute/v1/projects/roberts-project-23/global/urlMaps/cdn-url-map",
            "test": [],
            "timeouts": null
          },
          "sensitive_attributes": [],
          "private": "eyJlMmJmYjczMC1lY2FhLTExZTYtOGY4OC0zNDM2M2JjN2M0YzAiOnsiY3JlYXRlIjoxMjAwMDAwMDAwMDAwLCJkZWxldGUiOjEyMDAwMDAwMDAwMDAsInVwZGF0ZSI6MTIwMDAwMDAwMDAwMH19",
          "dependencies": [
            "google_compute_backend_service.default",
            "google_compute_health_check.default",
            "google_compute_instance_group_manager.default",
            "google_compute_instance_template.default",
            "google_compute_network.default",
            "google_compute_subnetwork.default"
          ]
        }
      ]
    }
  ]
}
